
Microsoft Visual Studio Solution File, Format Version 12.00
# Visual Studio Version 16
VisualStudioVersion = 16.0.31129.286
MinimumVisualStudioVersion = 10.0.40219.1
Project("{FAE04EC0-301F-11D3-BF4B-00C04F79EFBC}") = "Two Joggers", "Two Joggers\Two Joggers.csproj", "{FE06EC52-D9DE-4166-B34B-ACF2222599F5}"
EndProject
Global
	GlobalSection(SolutionConfigurationPlatforms) = preSolution
		Debug|Any CPU = Debug|Any CPU
		Release|Any CPU = Release|Any CPU
	EndGlobalSection
	GlobalSection(ProjectConfigurationPlatforms) = postSolution
		{FE06EC52-D9DE-4166-B34B-ACF2222599F5}.Debug|Any CPU.ActiveCfg = Debug|Any CPU
		{FE06EC52-D9DE-4166-B34B-ACF2222599F5}.Debug|Any CPU.Build.0 = Debug|Any CPU
		{FE06EC52-D9DE-4166-B34B-ACF2222599F5}.Release|Any CPU.ActiveCfg = Release|Any CPU
		{FE06EC52-D9DE-4166-B34B-ACF2222599F5}.Release|Any CPU.Build.0 = Release|Any CPU
	EndGlobalSection
	GlobalSection(SolutionProperties) = preSolution
		HideSolutionNode = FALSE
	EndGlobalSection
	GlobalSection(ExtensibilityGlobals) = postSolution
		SolutionGuid = {AB5B0FA5-77CA-4DBE-834F-806C039206E6}
	EndGlobalSection
EndGlobal
